
Microsoft Visual Studio Solution File, Format Version 12.00
# Visual Studio 15
Project("{FAE04EC0-301F-11D3-BF4B-00C04F79EFBC}") = "UnityEngine.UI", "UnityEngine.UI.csproj", "{0BA506BF-EFB1-A79D-38B2-BB810F450545}"
EndProject
Project("{FAE04EC0-301F-11D3-BF4B-00C04F79EFBC}") = "UnityEngine.TestRunner", "UnityEngine.TestRunner.csproj", "{5D3A59CB-8918-52B8-5757-014F8C1184D3}"
EndProject
Project("{FAE04EC0-301F-11D3-BF4B-00C04F79EFBC}") = "Edgar.Unity", "Edgar.Unity.csproj", "{82C737FC-F94A-2DF9-553E-C4DE18060D0B}"
EndProject
Project("{FAE04EC0-301F-11D3-BF4B-00C04F79EFBC}") = "Unity.TextMeshPro", "Unity.TextMeshPro.csproj", "{CF4B81AF-A90A-6B3B-B1EF-6BC901EA238F}"
EndProject
Project("{FAE04EC0-301F-11D3-BF4B-00C04F79EFBC}") = "Unity.2D.Animation.Runtime", "Unity.2D.Animation.Runtime.csproj", "{197074FB-AA98-5CDD-E1FE-2991B5647530}"
EndProject
Project("{FAE04EC0-301F-11D3-BF4B-00C04F79EFBC}") = "Unity.Timeline", "Unity.Timeline.csproj", "{7476F4FE-A053-5B26-E7A9-74F0619ECECE}"
EndProject
Project("{FAE04EC0-301F-11D3-BF4B-00C04F79EFBC}") = "Unity.Mathematics", "Unity.Mathematics.csproj", "{166EDEB8-6ED4-9E3E-8EAC-A34487D412BB}"
EndProject
Project("{FAE04EC0-301F-11D3-BF4B-00C04F79EFBC}") = "Unity.2D.SpriteShape.Runtime", "Unity.2D.SpriteShape.Runtime.csproj", "{3344D7ED-7ABA-024D-5B64-1B698409B9E3}"
EndProject
Project("{FAE04EC0-301F-11D3-BF4B-00C04F79EFBC}") = "Assembly-CSharp", "Assembly-CSharp.csproj", "{9CD6B370-E555-E161-014F-EE76684AFC01}"
EndProject
Project("{FAE04EC0-301F-11D3-BF4B-00C04F79EFBC}") = "Unity.2D.PixelPerfect", "Unity.2D.PixelPerfect.csproj", "{1BB5264A-D189-2D55-3145-63B455B3AC68}"
EndProject
Project("{FAE04EC0-301F-11D3-BF4B-00C04F79EFBC}") = "Unity.InternalAPIEngineBridge.001", "Unity.InternalAPIEngineBridge.001.csproj", "{0EA3251E-052B-0176-911F-30833DFB8458}"
EndProject
Project("{FAE04EC0-301F-11D3-BF4B-00C04F79EFBC}") = "Unity.2D.Common.Runtime", "Unity.2D.Common.Runtime.csproj", "{809AC1B9-D1AE-D516-1FF5-B9E15B9D1B09}"
EndProject
Project("{FAE04EC0-301F-11D3-BF4B-00C04F79EFBC}") = "UnityEditor.TestRunner", "UnityEditor.TestRunner.csproj", "{1C87FD22-91A0-A312-D797-B1351E1D8C4C}"
EndProject
Project("{FAE04EC0-301F-11D3-BF4B-00C04F79EFBC}") = "Unity.VisualStudio.Editor", "Unity.VisualStudio.Editor.csproj", "{7632F6F2-E248-9798-6FC8-F7F2DA185D41}"
EndProject
Project("{FAE04EC0-301F-11D3-BF4B-00C04F79EFBC}") = "Unity.TextMeshPro.Editor", "Unity.TextMeshPro.Editor.csproj", "{F7DA45DA-D18E-95DA-ED08-AD5DB72A13CA}"
EndProject
Project("{FAE04EC0-301F-11D3-BF4B-00C04F79EFBC}") = "Unity.Timeline.Editor", "Unity.Timeline.Editor.csproj", "{8E8B5A71-818A-A876-7A0D-581F871440DC}"
EndProject
Project("{FAE04EC0-301F-11D3-BF4B-00C04F79EFBC}") = "Unity.PlasticSCM.Editor", "Unity.PlasticSCM.Editor.csproj", "{F781126D-1A1E-77D4-5489-C73C8585CF93}"
EndProject
Project("{FAE04EC0-301F-11D3-BF4B-00C04F79EFBC}") = "Unity.2D.Animation.Triangle.Editor", "Unity.2D.Animation.Triangle.Editor.csproj", "{29769387-C2FC-087D-3932-38F76B3D8AD6}"
EndProject
Project("{FAE04EC0-301F-11D3-BF4B-00C04F79EFBC}") = "Unity.2D.Animation.Editor", "Unity.2D.Animation.Editor.csproj", "{F3AD2E57-1885-1C23-6CF0-8BE8CA6644E8}"
EndProject
Project("{FAE04EC0-301F-11D3-BF4B-00C04F79EFBC}") = "Unity.2D.Path.Editor", "Unity.2D.Path.Editor.csproj", "{D00FA9BA-96E8-656A-1D9C-0C1179710AF0}"
EndProject
Project("{FAE04EC0-301F-11D3-BF4B-00C04F79EFBC}") = "Unity.2D.Sprite.Editor", "Unity.2D.Sprite.Editor.csproj", "{D86EA7F4-C6C0-3FD6-FE7C-72DC662B88FF}"
EndProject
Project("{FAE04EC0-301F-11D3-BF4B-00C04F79EFBC}") = "UnityEditor.UI", "UnityEditor.UI.csproj", "{CAF0B23B-8855-85B9-CD89-0F485DB7A042}"
EndProject
Project("{FAE04EC0-301F-11D3-BF4B-00C04F79EFBC}") = "Assembly-CSharp-Editor", "Assembly-CSharp-Editor.csproj", "{CCB61829-6048-C605-9CA7-216405EB4B42}"
EndProject
Project("{FAE04EC0-301F-11D3-BF4B-00C04F79EFBC}") = "Edgar.Unity.Editor", "Edgar.Unity.Editor.csproj", "{B13E631C-6BCE-E33C-6DF2-8AE21945B090}"
EndProject
Project("{FAE04EC0-301F-11D3-BF4B-00C04F79EFBC}") = "Unity.Rider.Editor", "Unity.Rider.Editor.csproj", "{A36CA0CB-84AC-E5B9-8CC9-738CCAB0B279}"
EndProject
Project("{FAE04EC0-301F-11D3-BF4B-00C04F79EFBC}") = "Unity.2D.Tilemap.Editor", "Unity.2D.Tilemap.Editor.csproj", "{7376E4DF-5AE5-771C-91C2-A027ED7B91C9}"
EndProject
Project("{FAE04EC0-301F-11D3-BF4B-00C04F79EFBC}") = "Unity.2D.SpriteShape.Editor", "Unity.2D.SpriteShape.Editor.csproj", "{346EEC8F-8968-A2C0-8429-E67BE038D6C2}"
EndProject
Project("{FAE04EC0-301F-11D3-BF4B-00C04F79EFBC}") = "PsdPlugin", "PsdPlugin.csproj", "{1811FC31-333E-5E64-B8F4-91EA720B5B4F}"
EndProject
Project("{FAE04EC0-301F-11D3-BF4B-00C04F79EFBC}") = "Unity.CollabProxy.Editor", "Unity.CollabProxy.Editor.csproj", "{A1E848AF-E48F-9941-EA87-AB95E030E1A4}"
EndProject
Project("{FAE04EC0-301F-11D3-BF4B-00C04F79EFBC}") = "Unity.VSCode.Editor", "Unity.VSCode.Editor.csproj", "{FDFB5A62-2323-02B5-DF57-B24AB7E1A3CC}"
EndProject
Project("{FAE04EC0-301F-11D3-BF4B-00C04F79EFBC}") = "Unity.2D.Common.Editor", "Unity.2D.Common.Editor.csproj", "{EB3E8C10-2702-EFE8-4F01-21F5C18B437C}"
EndProject
Project("{FAE04EC0-301F-11D3-BF4B-00C04F79EFBC}") = "Unity.2D.Psdimporter.Editor", "Unity.2D.Psdimporter.Editor.csproj", "{E96BB5F3-1F8A-F662-A3CE-53A2AFA165D1}"
EndProject
Project("{FAE04EC0-301F-11D3-BF4B-00C04F79EFBC}") = "Unity.2D.PixelPerfect.Editor", "Unity.2D.PixelPerfect.Editor.csproj", "{91D64429-90CA-C5AE-73B4-809E6BB40E47}"
EndProject
Project("{FAE04EC0-301F-11D3-BF4B-00C04F79EFBC}") = "Unity.Mathematics.Editor", "Unity.Mathematics.Editor.csproj", "{2D3CF488-A0BD-59DB-CE2E-C67DAB432DF0}"
EndProject
Project("{FAE04EC0-301F-11D3-BF4B-00C04F79EFBC}") = "Unity.InternalAPIEditorBridge.001", "Unity.InternalAPIEditorBridge.001.csproj", "{2C17A76D-5136-A58D-0802-2004CE19FA36}"
EndProject
Project("{FAE04EC0-301F-11D3-BF4B-00C04F79EFBC}") = "UnityEngine.UI", "UnityEngine.UI.Player.csproj", "{CE00D722-BD9E-B760-BC18-E54FAEB51F94}"
EndProject
Project("{FAE04EC0-301F-11D3-BF4B-00C04F79EFBC}") = "UnityEngine.TestRunner", "UnityEngine.TestRunner.Player.csproj", "{4AECD9F5-FBF4-F506-FAA7-026EB923599D}"
EndProject
Project("{FAE04EC0-301F-11D3-BF4B-00C04F79EFBC}") = "Edgar.Unity", "Edgar.Unity.Player.csproj", "{7C7C4F1A-FB87-F072-AE1F-42286BD2E8AC}"
EndProject
Project("{FAE04EC0-301F-11D3-BF4B-00C04F79EFBC}") = "Unity.TextMeshPro", "Unity.TextMeshPro.Player.csproj", "{05EE34B2-7897-B7C7-2ABD-AFD1EB928087}"
EndProject
Project("{FAE04EC0-301F-11D3-BF4B-00C04F79EFBC}") = "Unity.2D.Animation.Runtime", "Unity.2D.Animation.Runtime.Player.csproj", "{0B09C3BA-42CD-7BD5-EB83-9C045D390308}"
EndProject
Project("{FAE04EC0-301F-11D3-BF4B-00C04F79EFBC}") = "Unity.Timeline", "Unity.Timeline.Player.csproj", "{3559C912-3E4B-3BC9-540C-947AE7CC168B}"
EndProject
Project("{FAE04EC0-301F-11D3-BF4B-00C04F79EFBC}") = "Unity.Mathematics", "Unity.Mathematics.Player.csproj", "{5248CA83-4E41-F908-DA69-79E5400ADEBE}"
EndProject
Project("{FAE04EC0-301F-11D3-BF4B-00C04F79EFBC}") = "Unity.2D.SpriteShape.Runtime", "Unity.2D.SpriteShape.Runtime.Player.csproj", "{1BCB7922-EA47-D6A3-54C0-A94663E103EA}"
EndProject
Project("{FAE04EC0-301F-11D3-BF4B-00C04F79EFBC}") = "Assembly-CSharp", "Assembly-CSharp.Player.csproj", "{AA567AD8-925A-02AA-A80A-427D70D3C566}"
EndProject
Project("{FAE04EC0-301F-11D3-BF4B-00C04F79EFBC}") = "Unity.2D.PixelPerfect", "Unity.2D.PixelPerfect.Player.csproj", "{4D7E3DE7-E528-AB1F-B032-F7B1298161FF}"
EndProject
Project("{FAE04EC0-301F-11D3-BF4B-00C04F79EFBC}") = "Unity.InternalAPIEngineBridge.001", "Unity.InternalAPIEngineBridge.001.Player.csproj", "{FB012C97-DD91-3797-5F73-35E8963355C3}"
EndProject
Project("{FAE04EC0-301F-11D3-BF4B-00C04F79EFBC}") = "Unity.2D.Common.Runtime", "Unity.2D.Common.Runtime.Player.csproj", "{B2AAC17F-50A7-0D76-4379-A42FDEF3AE61}"
EndProject
Global
	GlobalSection(SolutionConfigurationPlatforms) = preSolution
		Debug|Any CPU = Debug|Any CPU
		Release|Any CPU = Release|Any CPU
	EndGlobalSection
	GlobalSection(ProjectConfigurationPlatforms) = postSolution
		{0BA506BF-EFB1-A79D-38B2-BB810F450545}.Debug|Any CPU.ActiveCfg = Debug|Any CPU
		{0BA506BF-EFB1-A79D-38B2-BB810F450545}.Debug|Any CPU.Build.0 = Debug|Any CPU
		{0BA506BF-EFB1-A79D-38B2-BB810F450545}.Release|Any CPU.ActiveCfg = Release|Any CPU
		{0BA506BF-EFB1-A79D-38B2-BB810F450545}.Release|Any CPU.Build.0 = Release|Any CPU
		{5D3A59CB-8918-52B8-5757-014F8C1184D3}.Debug|Any CPU.ActiveCfg = Debug|Any CPU
		{5D3A59CB-8918-52B8-5757-014F8C1184D3}.Debug|Any CPU.Build.0 = Debug|Any CPU
		{5D3A59CB-8918-52B8-5757-014F8C1184D3}.Release|Any CPU.ActiveCfg = Release|Any CPU
		{5D3A59CB-8918-52B8-5757-014F8C1184D3}.Release|Any CPU.Build.0 = Release|Any CPU
		{82C737FC-F94A-2DF9-553E-C4DE18060D0B}.Debug|Any CPU.ActiveCfg = Debug|Any CPU
		{82C737FC-F94A-2DF9-553E-C4DE18060D0B}.Debug|Any CPU.Build.0 = Debug|Any CPU
		{82C737FC-F94A-2DF9-553E-C4DE18060D0B}.Release|Any CPU.ActiveCfg = Release|Any CPU
		{82C737FC-F94A-2DF9-553E-C4DE18060D0B}.Release|Any CPU.Build.0 = Release|Any CPU
		{CF4B81AF-A90A-6B3B-B1EF-6BC901EA238F}.Debug|Any CPU.ActiveCfg = Debug|Any CPU
		{CF4B81AF-A90A-6B3B-B1EF-6BC901EA238F}.Debug|Any CPU.Build.0 = Debug|Any CPU
		{CF4B81AF-A90A-6B3B-B1EF-6BC901EA238F}.Release|Any CPU.ActiveCfg = Release|Any CPU
		{CF4B81AF-A90A-6B3B-B1EF-6BC901EA238F}.Release|Any CPU.Build.0 = Release|Any CPU
		{197074FB-AA98-5CDD-E1FE-2991B5647530}.Debug|Any CPU.ActiveCfg = Debug|Any CPU
		{197074FB-AA98-5CDD-E1FE-2991B5647530}.Debug|Any CPU.Build.0 = Debug|Any CPU
		{197074FB-AA98-5CDD-E1FE-2991B5647530}.Release|Any CPU.ActiveCfg = Release|Any CPU
		{197074FB-AA98-5CDD-E1FE-2991B5647530}.Release|Any CPU.Build.0 = Release|Any CPU
		{7476F4FE-A053-5B26-E7A9-74F0619ECECE}.Debug|Any CPU.ActiveCfg = Debug|Any CPU
		{7476F4FE-A053-5B26-E7A9-74F0619ECECE}.Debug|Any CPU.Build.0 = Debug|Any CPU
		{7476F4FE-A053-5B26-E7A9-74F0619ECECE}.Release|Any CPU.ActiveCfg = Release|Any CPU
		{7476F4FE-A053-5B26-E7A9-74F0619ECECE}.Release|Any CPU.Build.0 = Release|Any CPU
		{166EDEB8-6ED4-9E3E-8EAC-A34487D412BB}.Debug|Any CPU.ActiveCfg = Debug|Any CPU
		{166EDEB8-6ED4-9E3E-8EAC-A34487D412BB}.Debug|Any CPU.Build.0 = Debug|Any CPU
		{166EDEB8-6ED4-9E3E-8EAC-A34487D412BB}.Release|Any CPU.ActiveCfg = Release|Any CPU
		{166EDEB8-6ED4-9E3E-8EAC-A34487D412BB}.Release|Any CPU.Build.0 = Release|Any CPU
		{3344D7ED-7ABA-024D-5B64-1B698409B9E3}.Debug|Any CPU.ActiveCfg = Debug|Any CPU
		{3344D7ED-7ABA-024D-5B64-1B698409B9E3}.Debug|Any CPU.Build.0 = Debug|Any CPU
		{3344D7ED-7ABA-024D-5B64-1B698409B9E3}.Release|Any CPU.ActiveCfg = Release|Any CPU
		{3344D7ED-7ABA-024D-5B64-1B698409B9E3}.Release|Any CPU.Build.0 = Release|Any CPU
		{9CD6B370-E555-E161-014F-EE76684AFC01}.Debug|Any CPU.ActiveCfg = Debug|Any CPU
		{9CD6B370-E555-E161-014F-EE76684AFC01}.Debug|Any CPU.Build.0 = Debug|Any CPU
		{9CD6B370-E555-E161-014F-EE76684AFC01}.Release|Any CPU.ActiveCfg = Release|Any CPU
		{9CD6B370-E555-E161-014F-EE76684AFC01}.Release|Any CPU.Build.0 = Release|Any CPU
		{1BB5264A-D189-2D55-3145-63B455B3AC68}.Debug|Any CPU.ActiveCfg = Debug|Any CPU
		{1BB5264A-D189-2D55-3145-63B455B3AC68}.Debug|Any CPU.Build.0 = Debug|Any CPU
		{1BB5264A-D189-2D55-3145-63B455B3AC68}.Release|Any CPU.ActiveCfg = Release|Any CPU
		{1BB5264A-D189-2D55-3145-63B455B3AC68}.Release|Any CPU.Build.0 = Release|Any CPU
		{0EA3251E-052B-0176-911F-30833DFB8458}.Debug|Any CPU.ActiveCfg = Debug|Any CPU
		{0EA3251E-052B-0176-911F-30833DFB8458}.Debug|Any CPU.Build.0 = Debug|Any CPU
		{0EA3251E-052B-0176-911F-30833DFB8458}.Release|Any CPU.ActiveCfg = Release|Any CPU
		{0EA3251E-052B-0176-911F-30833DFB8458}.Release|Any CPU.Build.0 = Release|Any CPU
		{809AC1B9-D1AE-D516-1FF5-B9E15B9D1B09}.Debug|Any CPU.ActiveCfg = Debug|Any CPU
		{809AC1B9-D1AE-D516-1FF5-B9E15B9D1B09}.Debug|Any CPU.Build.0 = Debug|Any CPU
		{809AC1B9-D1AE-D516-1FF5-B9E15B9D1B09}.Release|Any CPU.ActiveCfg = Release|Any CPU
		{809AC1B9-D1AE-D516-1FF5-B9E15B9D1B09}.Release|Any CPU.Build.0 = Release|Any CPU
		{1C87FD22-91A0-A312-D797-B1351E1D8C4C}.Debug|Any CPU.ActiveCfg = Debug|Any CPU
		{1C87FD22-91A0-A312-D797-B1351E1D8C4C}.Debug|Any CPU.Build.0 = Debug|Any CPU
		{1C87FD22-91A0-A312-D797-B1351E1D8C4C}.Release|Any CPU.ActiveCfg = Release|Any CPU
		{1C87FD22-91A0-A312-D797-B1351E1D8C4C}.Release|Any CPU.Build.0 = Release|Any CPU
		{7632F6F2-E248-9798-6FC8-F7F2DA185D41}.Debug|Any CPU.ActiveCfg = Debug|Any CPU
		{7632F6F2-E248-9798-6FC8-F7F2DA185D41}.Debug|Any CPU.Build.0 = Debug|Any CPU
		{7632F6F2-E248-9798-6FC8-F7F2DA185D41}.Release|Any CPU.ActiveCfg = Release|Any CPU
		{7632F6F2-E248-9798-6FC8-F7F2DA185D41}.Release|Any CPU.Build.0 = Release|Any CPU
		{F7DA45DA-D18E-95DA-ED08-AD5DB72A13CA}.Debug|Any CPU.ActiveCfg = Debug|Any CPU
		{F7DA45DA-D18E-95DA-ED08-AD5DB72A13CA}.Debug|Any CPU.Build.0 = Debug|Any CPU
		{F7DA45DA-D18E-95DA-ED08-AD5DB72A13CA}.Release|Any CPU.ActiveCfg = Release|Any CPU
		{F7DA45DA-D18E-95DA-ED08-AD5DB72A13CA}.Release|Any CPU.Build.0 = Release|Any CPU
		{8E8B5A71-818A-A876-7A0D-581F871440DC}.Debug|Any CPU.ActiveCfg = Debug|Any CPU
		{8E8B5A71-818A-A876-7A0D-581F871440DC}.Debug|Any CPU.Build.0 = Debug|Any CPU
		{8E8B5A71-818A-A876-7A0D-581F871440DC}.Release|Any CPU.ActiveCfg = Release|Any CPU
		{8E8B5A71-818A-A876-7A0D-581F871440DC}.Release|Any CPU.Build.0 = Release|Any CPU
		{F781126D-1A1E-77D4-5489-C73C8585CF93}.Debug|Any CPU.ActiveCfg = Debug|Any CPU
		{F781126D-1A1E-77D4-5489-C73C8585CF93}.Debug|Any CPU.Build.0 = Debug|Any CPU
		{F781126D-1A1E-77D4-5489-C73C8585CF93}.Release|Any CPU.ActiveCfg = Release|Any CPU
		{F781126D-1A1E-77D4-5489-C73C8585CF93}.Release|Any CPU.Build.0 = Release|Any CPU
		{29769387-C2FC-087D-3932-38F76B3D8AD6}.Debug|Any CPU.ActiveCfg = Debug|Any CPU
		{29769387-C2FC-087D-3932-38F76B3D8AD6}.Debug|Any CPU.Build.0 = Debug|Any CPU
		{29769387-C2FC-087D-3932-38F76B3D8AD6}.Release|Any CPU.ActiveCfg = Release|Any CPU
		{29769387-C2FC-087D-3932-38F76B3D8AD6}.Release|Any CPU.Build.0 = Release|Any CPU
		{F3AD2E57-1885-1C23-6CF0-8BE8CA6644E8}.Debug|Any CPU.ActiveCfg = Debug|Any CPU
		{F3AD2E57-1885-1C23-6CF0-8BE8CA6644E8}.Debug|Any CPU.Build.0 = Debug|Any CPU
		{F3AD2E57-1885-1C23-6CF0-8BE8CA6644E8}.Release|Any CPU.ActiveCfg = Release|Any CPU
		{F3AD2E57-1885-1C23-6CF0-8BE8CA6644E8}.Release|Any CPU.Build.0 = Release|Any CPU
		{D00FA9BA-96E8-656A-1D9C-0C1179710AF0}.Debug|Any CPU.ActiveCfg = Debug|Any CPU
		{D00FA9BA-96E8-656A-1D9C-0C1179710AF0}.Debug|Any CPU.Build.0 = Debug|Any CPU
		{D00FA9BA-96E8-656A-1D9C-0C1179710AF0}.Release|Any CPU.ActiveCfg = Release|Any CPU
		{D00FA9BA-96E8-656A-1D9C-0C1179710AF0}.Release|Any CPU.Build.0 = Release|Any CPU
		{D86EA7F4-C6C0-3FD6-FE7C-72DC662B88FF}.Debug|Any CPU.ActiveCfg = Debug|Any CPU
		{D86EA7F4-C6C0-3FD6-FE7C-72DC662B88FF}.Debug|Any CPU.Build.0 = Debug|Any CPU
		{D86EA7F4-C6C0-3FD6-FE7C-72DC662B88FF}.Release|Any CPU.ActiveCfg = Release|Any CPU
		{D86EA7F4-C6C0-3FD6-FE7C-72DC662B88FF}.Release|Any CPU.Build.0 = Release|Any CPU
		{CAF0B23B-8855-85B9-CD89-0F485DB7A042}.Debug|Any CPU.ActiveCfg = Debug|Any CPU
		{CAF0B23B-8855-85B9-CD89-0F485DB7A042}.Debug|Any CPU.Build.0 = Debug|Any CPU
		{CAF0B23B-8855-85B9-CD89-0F485DB7A042}.Release|Any CPU.ActiveCfg = Release|Any CPU
		{CAF0B23B-8855-85B9-CD89-0F485DB7A042}.Release|Any CPU.Build.0 = Release|Any CPU
		{CCB61829-6048-C605-9CA7-216405EB4B42}.Debug|Any CPU.ActiveCfg = Debug|Any CPU
		{CCB61829-6048-C605-9CA7-216405EB4B42}.Debug|Any CPU.Build.0 = Debug|Any CPU
		{CCB61829-6048-C605-9CA7-216405EB4B42}.Release|Any CPU.ActiveCfg = Release|Any CPU
		{CCB61829-6048-C605-9CA7-216405EB4B42}.Release|Any CPU.Build.0 = Release|Any CPU
		{B13E631C-6BCE-E33C-6DF2-8AE21945B090}.Debug|Any CPU.ActiveCfg = Debug|Any CPU
		{B13E631C-6BCE-E33C-6DF2-8AE21945B090}.Debug|Any CPU.Build.0 = Debug|Any CPU
		{B13E631C-6BCE-E33C-6DF2-8AE21945B090}.Release|Any CPU.ActiveCfg = Release|Any CPU
		{B13E631C-6BCE-E33C-6DF2-8AE21945B090}.Release|Any CPU.Build.0 = Release|Any CPU
		{A36CA0CB-84AC-E5B9-8CC9-738CCAB0B279}.Debug|Any CPU.ActiveCfg = Debug|Any CPU
		{A36CA0CB-84AC-E5B9-8CC9-738CCAB0B279}.Debug|Any CPU.Build.0 = Debug|Any CPU
		{A36CA0CB-84AC-E5B9-8CC9-738CCAB0B279}.Release|Any CPU.ActiveCfg = Release|Any CPU
		{A36CA0CB-84AC-E5B9-8CC9-738CCAB0B279}.Release|Any CPU.Build.0 = Release|Any CPU
		{7376E4DF-5AE5-771C-91C2-A027ED7B91C9}.Debug|Any CPU.ActiveCfg = Debug|Any CPU
		{7376E4DF-5AE5-771C-91C2-A027ED7B91C9}.Debug|Any CPU.Build.0 = Debug|Any CPU
		{7376E4DF-5AE5-771C-91C2-A027ED7B91C9}.Release|Any CPU.ActiveCfg = Release|Any CPU
		{7376E4DF-5AE5-771C-91C2-A027ED7B91C9}.Release|Any CPU.Build.0 = Release|Any CPU
		{346EEC8F-8968-A2C0-8429-E67BE038D6C2}.Debug|Any CPU.ActiveCfg = Debug|Any CPU
		{346EEC8F-8968-A2C0-8429-E67BE038D6C2}.Debug|Any CPU.Build.0 = Debug|Any CPU
		{346EEC8F-8968-A2C0-8429-E67BE038D6C2}.Release|Any CPU.ActiveCfg = Release|Any CPU
		{346EEC8F-8968-A2C0-8429-E67BE038D6C2}.Release|Any CPU.Build.0 = Release|Any CPU
		{1811FC31-333E-5E64-B8F4-91EA720B5B4F}.Debug|Any CPU.ActiveCfg = Debug|Any CPU
		{1811FC31-333E-5E64-B8F4-91EA720B5B4F}.Debug|Any CPU.Build.0 = Debug|Any CPU
		{1811FC31-333E-5E64-B8F4-91EA720B5B4F}.Release|Any CPU.ActiveCfg = Release|Any CPU
		{1811FC31-333E-5E64-B8F4-91EA720B5B4F}.Release|Any CPU.Build.0 = Release|Any CPU
		{A1E848AF-E48F-9941-EA87-AB95E030E1A4}.Debug|Any CPU.ActiveCfg = Debug|Any CPU
		{A1E848AF-E48F-9941-EA87-AB95E030E1A4}.Debug|Any CPU.Build.0 = Debug|Any CPU
		{A1E848AF-E48F-9941-EA87-AB95E030E1A4}.Release|Any CPU.ActiveCfg = Release|Any CPU
		{A1E848AF-E48F-9941-EA87-AB95E030E1A4}.Release|Any CPU.Build.0 = Release|Any CPU
		{FDFB5A62-2323-02B5-DF57-B24AB7E1A3CC}.Debug|Any CPU.ActiveCfg = Debug|Any CPU
		{FDFB5A62-2323-02B5-DF57-B24AB7E1A3CC}.Debug|Any CPU.Build.0 = Debug|Any CPU
		{FDFB5A62-2323-02B5-DF57-B24AB7E1A3CC}.Release|Any CPU.ActiveCfg = Release|Any CPU
		{FDFB5A62-2323-02B5-DF57-B24AB7E1A3CC}.Release|Any CPU.Build.0 = Release|Any CPU
		{EB3E8C10-2702-EFE8-4F01-21F5C18B437C}.Debug|Any CPU.ActiveCfg = Debug|Any CPU
		{EB3E8C10-2702-EFE8-4F01-21F5C18B437C}.Debug|Any CPU.Build.0 = Debug|Any CPU
		{EB3E8C10-2702-EFE8-4F01-21F5C18B437C}.Release|Any CPU.ActiveCfg = Release|Any CPU
		{EB3E8C10-2702-EFE8-4F01-21F5C18B437C}.Release|Any CPU.Build.0 = Release|Any CPU
		{E96BB5F3-1F8A-F662-A3CE-53A2AFA165D1}.Debug|Any CPU.ActiveCfg = Debug|Any CPU
		{E96BB5F3-1F8A-F662-A3CE-53A2AFA165D1}.Debug|Any CPU.Build.0 = Debug|Any CPU
		{E96BB5F3-1F8A-F662-A3CE-53A2AFA165D1}.Release|Any CPU.ActiveCfg = Release|Any CPU
		{E96BB5F3-1F8A-F662-A3CE-53A2AFA165D1}.Release|Any CPU.Build.0 = Release|Any CPU
		{91D64429-90CA-C5AE-73B4-809E6BB40E47}.Debug|Any CPU.ActiveCfg = Debug|Any CPU
		{91D64429-90CA-C5AE-73B4-809E6BB40E47}.Debug|Any CPU.Build.0 = Debug|Any CPU
		{91D64429-90CA-C5AE-73B4-809E6BB40E47}.Release|Any CPU.ActiveCfg = Release|Any CPU
		{91D64429-90CA-C5AE-73B4-809E6BB40E47}.Release|Any CPU.Build.0 = Release|Any CPU
		{2D3CF488-A0BD-59DB-CE2E-C67DAB432DF0}.Debug|Any CPU.ActiveCfg = Debug|Any CPU
		{2D3CF488-A0BD-59DB-CE2E-C67DAB432DF0}.Debug|Any CPU.Build.0 = Debug|Any CPU
		{2D3CF488-A0BD-59DB-CE2E-C67DAB432DF0}.Release|Any CPU.ActiveCfg = Release|Any CPU
		{2D3CF488-A0BD-59DB-CE2E-C67DAB432DF0}.Release|Any CPU.Build.0 = Release|Any CPU
		{2C17A76D-5136-A58D-0802-2004CE19FA36}.Debug|Any CPU.ActiveCfg = Debug|Any CPU
		{2C17A76D-5136-A58D-0802-2004CE19FA36}.Debug|Any CPU.Build.0 = Debug|Any CPU
		{2C17A76D-5136-A58D-0802-2004CE19FA36}.Release|Any CPU.ActiveCfg = Release|Any CPU
		{2C17A76D-5136-A58D-0802-2004CE19FA36}.Release|Any CPU.Build.0 = Release|Any CPU
		{CE00D722-BD9E-B760-BC18-E54FAEB51F94}.Debug|Any CPU.ActiveCfg = Debug|Any CPU
		{CE00D722-BD9E-B760-BC18-E54FAEB51F94}.Debug|Any CPU.Build.0 = Debug|Any CPU
		{CE00D722-BD9E-B760-BC18-E54FAEB51F94}.Release|Any CPU.ActiveCfg = Release|Any CPU
		{CE00D722-BD9E-B760-BC18-E54FAEB51F94}.Release|Any CPU.Build.0 = Release|Any CPU
		{4AECD9F5-FBF4-F506-FAA7-026EB923599D}.Debug|Any CPU.ActiveCfg = Debug|Any CPU
		{4AECD9F5-FBF4-F506-FAA7-026EB923599D}.Debug|Any CPU.Build.0 = Debug|Any CPU
		{4AECD9F5-FBF4-F506-FAA7-026EB923599D}.Release|Any CPU.ActiveCfg = Release|Any CPU
		{4AECD9F5-FBF4-F506-FAA7-026EB923599D}.Release|Any CPU.Build.0 = Release|Any CPU
		{7C7C4F1A-FB87-F072-AE1F-42286BD2E8AC}.Debug|Any CPU.ActiveCfg = Debug|Any CPU
		{7C7C4F1A-FB87-F072-AE1F-42286BD2E8AC}.Debug|Any CPU.Build.0 = Debug|Any CPU
		{7C7C4F1A-FB87-F072-AE1F-42286BD2E8AC}.Release|Any CPU.ActiveCfg = Release|Any CPU
		{7C7C4F1A-FB87-F072-AE1F-42286BD2E8AC}.Release|Any CPU.Build.0 = Release|Any CPU
		{05EE34B2-7897-B7C7-2ABD-AFD1EB928087}.Debug|Any CPU.ActiveCfg = Debug|Any CPU
		{05EE34B2-7897-B7C7-2ABD-AFD1EB928087}.Debug|Any CPU.Build.0 = Debug|Any CPU
		{05EE34B2-7897-B7C7-2ABD-AFD1EB928087}.Release|Any CPU.ActiveCfg = Release|Any CPU
		{05EE34B2-7897-B7C7-2ABD-AFD1EB928087}.Release|Any CPU.Build.0 = Release|Any CPU
		{0B09C3BA-42CD-7BD5-EB83-9C045D390308}.Debug|Any CPU.ActiveCfg = Debug|Any CPU
		{0B09C3BA-42CD-7BD5-EB83-9C045D390308}.Debug|Any CPU.Build.0 = Debug|Any CPU
		{0B09C3BA-42CD-7BD5-EB83-9C045D390308}.Release|Any CPU.ActiveCfg = Release|Any CPU
		{0B09C3BA-42CD-7BD5-EB83-9C045D390308}.Release|Any CPU.Build.0 = Release|Any CPU
		{3559C912-3E4B-3BC9-540C-947AE7CC168B}.Debug|Any CPU.ActiveCfg = Debug|Any CPU
		{3559C912-3E4B-3BC9-540C-947AE7CC168B}.Debug|Any CPU.Build.0 = Debug|Any CPU
		{3559C912-3E4B-3BC9-540C-947AE7CC168B}.Release|Any CPU.ActiveCfg = Release|Any CPU
		{3559C912-3E4B-3BC9-540C-947AE7CC168B}.Release|Any CPU.Build.0 = Release|Any CPU
		{5248CA83-4E41-F908-DA69-79E5400ADEBE}.Debug|Any CPU.ActiveCfg = Debug|Any CPU
		{5248CA83-4E41-F908-DA69-79E5400ADEBE}.Debug|Any CPU.Build.0 = Debug|Any CPU
		{5248CA83-4E41-F908-DA69-79E5400ADEBE}.Release|Any CPU.ActiveCfg = Release|Any CPU
		{5248CA83-4E41-F908-DA69-79E5400ADEBE}.Release|Any CPU.Build.0 = Release|Any CPU
		{1BCB7922-EA47-D6A3-54C0-A94663E103EA}.Debug|Any CPU.ActiveCfg = Debug|Any CPU
		{1BCB7922-EA47-D6A3-54C0-A94663E103EA}.Debug|Any CPU.Build.0 = Debug|Any CPU
		{1BCB7922-EA47-D6A3-54C0-A94663E103EA}.Release|Any CPU.ActiveCfg = Release|Any CPU
		{1BCB7922-EA47-D6A3-54C0-A94663E103EA}.Release|Any CPU.Build.0 = Release|Any CPU
		{AA567AD8-925A-02AA-A80A-427D70D3C566}.Debug|Any CPU.ActiveCfg = Debug|Any CPU
		{AA567AD8-925A-02AA-A80A-427D70D3C566}.Debug|Any CPU.Build.0 = Debug|Any CPU
		{AA567AD8-925A-02AA-A80A-427D70D3C566}.Release|Any CPU.ActiveCfg = Release|Any CPU
		{AA567AD8-925A-02AA-A80A-427D70D3C566}.Release|Any CPU.Build.0 = Release|Any CPU
		{4D7E3DE7-E528-AB1F-B032-F7B1298161FF}.Debug|Any CPU.ActiveCfg = Debug|Any CPU
		{4D7E3DE7-E528-AB1F-B032-F7B1298161FF}.Debug|Any CPU.Build.0 = Debug|Any CPU
		{4D7E3DE7-E528-AB1F-B032-F7B1298161FF}.Release|Any CPU.ActiveCfg = Release|Any CPU
		{4D7E3DE7-E528-AB1F-B032-F7B1298161FF}.Release|Any CPU.Build.0 = Release|Any CPU
		{FB012C97-DD91-3797-5F73-35E8963355C3}.Debug|Any CPU.ActiveCfg = Debug|Any CPU
		{FB012C97-DD91-3797-5F73-35E8963355C3}.Debug|Any CPU.Build.0 = Debug|Any CPU
		{FB012C97-DD91-3797-5F73-35E8963355C3}.Release|Any CPU.ActiveCfg = Release|Any CPU
		{FB012C97-DD91-3797-5F73-35E8963355C3}.Release|Any CPU.Build.0 = Release|Any CPU
		{B2AAC17F-50A7-0D76-4379-A42FDEF3AE61}.Debug|Any CPU.ActiveCfg = Debug|Any CPU
		{B2AAC17F-50A7-0D76-4379-A42FDEF3AE61}.Debug|Any CPU.Build.0 = Debug|Any CPU
		{B2AAC17F-50A7-0D76-4379-A42FDEF3AE61}.Release|Any CPU.ActiveCfg = Release|Any CPU
		{B2AAC17F-50A7-0D76-4379-A42FDEF3AE61}.Release|Any CPU.Build.0 = Release|Any CPU
	EndGlobalSection
	GlobalSection(SolutionProperties) = preSolution
		HideSolutionNode = FALSE
	EndGlobalSection
EndGlobal
